<Solution>
  <Folder Name="/solution-project/">
    <File Path="errors.md" />
    <File Path="readme.md" />
  </Folder>
  <Folder Name="/solution-project/samples/">
    <Project Path="samples/AppDemo.MobileHybrid.MAUI.Blazor/AppDemo.MobileHybrid.MAUI.Blazor.csproj" />
    <Project Path="samples/AppDemo.Web.Blazor.Fluent.Client.WASM/AppDemo.Web.Blazor.Fluent.Client.WASM.csproj" />
    <Project Path="samples/AppDemo.Web.Blazor.Fluent.Server/AppDemo.Web.Blazor.Fluent.Server.csproj" />
    <Project Path="samples/AppDemo.Web.Blazor.FluentUI.Client.WASM/AppDemo.Web.Blazor.FluentUI.Client.WASM.csproj" />
    <Project Path="samples/AppDemo.Web.Blazor.FluentUI.Server/AppDemo.Web.Blazor.FluentUI.Server.csproj" />
    <Project Path="samples/AppDemo.Web.Blazor.WASM.ProgressiveWebApp.PWA/AppDemo.Web.Blazor.WASM.ProgressiveWebApp.PWA.csproj" />
    <Project Path="samples/AppDemo.Web.Blazor/AppDemo.Web.Blazor.csproj" />
  </Folder>
  <Folder Name="/solution-project/samples/AppDemo.MAUI.Blazor.FluentUI.Suite/">
    <Project Path="samples/AppDemo.MAUI.Blazor.FluentUI.Suite/AppDemo.MAUI.Blazor.FluentUI.Suite.Web/AppDemo.MAUI.Blazor.FluentUI.Suite.Web.csproj" />
    <Project Path="samples/AppDemo.MAUI.Blazor.FluentUI.Suite/AppDemo.MAUI.Blazor.FluentUI.Suite/AppDemo.MAUI.Blazor.FluentUI.Suite.csproj" />
  </Folder>
  <Folder Name="/solution-project/samples/AppDemo.MobileHybrid.MAUI.Blazor.Suite/">
    <Project Path="samples/AppDemo.MobileHybrid.MAUI.Blazor.Suite/AppDemo.MobileHybrid.MAUI.Blazor.Suite.Web/AppDemo.MobileHybrid.MAUI.Blazor.Suite.Web.csproj" />
    <Project Path="samples/AppDemo.MobileHybrid.MAUI.Blazor.Suite/AppDemo.MobileHybrid.MAUI.Blazor.Suite/AppDemo.MobileHybrid.MAUI.Blazor.Suite.csproj" />
  </Folder>
  <Folder Name="/solution-project/samples/old/">
    <Project Path="samples/old/AppDemo.MobileHybrid.MAUI.Blazor/AppDemo.MobileHybrid.MAUI.Blazor.csproj" />
    <Project Path="samples/old/AppDemo.Web.Blazor.Server.Empty/AppDemo.Web.Blazor.Server.Empty.csproj" />
    <Project Path="samples/old/AppDemo.Web.Blazor.Server/AppDemo.Web.Blazor.Server.csproj" />
    <Project Path="samples/old/AppDemo.Web.Blazor.WASM.ProgressiveWebApp.PWA/AppDemo.Web.Blazor.WASM.ProgressiveWebApp.PWA.csproj" />
    <Project Path="samples/old/AppDemo.Web.Blazor.WASM.WASM.ProgressiveWebApp.PWA.Empty/AppDemo.Web.Blazor.WASM.WASM.ProgressiveWebApp.PWA.Empty.csproj" />
    <Project Path="samples/old/AppDemo.Web.Blazor/AppDemo.Web.Blazor.csproj" />
  </Folder>
  <Folder Name="/solution-project/source/">
    <Project Path="source/AppDemo.MAUI.Blazor.FluentUI.Suite.Shared/AppDemo.MAUI.Blazor.FluentUI.Suite.Shared.csproj" />
    <Project Path="source/AppDemo.MobileHybrid.MAUI.Blazor.Suite.Shared/AppDemo.MobileHybrid.MAUI.Blazor.Suite.Shared.csproj" />
    <Project Path="source/Library.Razor.SharedCode/Library.Razor.SharedCode.csproj" />
  </Folder>
</Solution>
